
Microsoft Visual Studio Solution File, Format Version 12.00
# Visual Studio Version 16
VisualStudioVersion = 16.0.31025.194
MinimumVisualStudioVersion = 10.0.40219.1
Project("{FAE04EC0-301F-11D3-BF4B-00C04F79EFBC}") = "dd_sabelnikova_aa", "dd_sabelnikova_aa\dd_sabelnikova_aa.csproj", "{6E159B43-AD49-4F01-B1D7-A86BECB8DED0}"
EndProject
Global
	GlobalSection(SolutionConfigurationPlatforms) = preSolution
		Debug|Any CPU = Debug|Any CPU
		Release|Any CPU = Release|Any CPU
	EndGlobalSection
	GlobalSection(ProjectConfigurationPlatforms) = postSolution
		{6E159B43-AD49-4F01-B1D7-A86BECB8DED0}.Debug|Any CPU.ActiveCfg = Debug|Any CPU
		{6E159B43-AD49-4F01-B1D7-A86BECB8DED0}.Debug|Any CPU.Build.0 = Debug|Any CPU
		{6E159B43-AD49-4F01-B1D7-A86BECB8DED0}.Release|Any CPU.ActiveCfg = Release|Any CPU
		{6E159B43-AD49-4F01-B1D7-A86BECB8DED0}.Release|Any CPU.Build.0 = Release|Any CPU
	EndGlobalSection
	GlobalSection(SolutionProperties) = preSolution
		HideSolutionNode = FALSE
	EndGlobalSection
	GlobalSection(ExtensibilityGlobals) = postSolution
		SolutionGuid = {900F90BC-F2F9-4188-8578-A5B3E361F5F9}
	EndGlobalSection
EndGlobal
